
Microsoft Visual Studio Solution File, Format Version 11.00
# Visual Studio 2010
Project("{FAE04EC0-301F-11D3-BF4B-00C04F79EFBC}") = "ShopifyApi", "ShopifyApi\ShopifyApi.csproj", "{E7CE8AD8-6F2B-4161-940F-304AB815AB7A}"
EndProject
Project("{FAE04EC0-301F-11D3-BF4B-00C04F79EFBC}") = "SampleMvcApplication1", "SampleMvcApplication1\SampleMvcApplication1.csproj", "{69D7022D-33B8-489A-8C3E-747FF0D977A0}"
EndProject
Global
	GlobalSection(SolutionConfigurationPlatforms) = preSolution
		Debug|Any CPU = Debug|Any CPU
		Release|Any CPU = Release|Any CPU
	EndGlobalSection
	GlobalSection(ProjectConfigurationPlatforms) = postSolution
		{E7CE8AD8-6F2B-4161-940F-304AB815AB7A}.Debug|Any CPU.ActiveCfg = Debug|Any CPU
		{E7CE8AD8-6F2B-4161-940F-304AB815AB7A}.Debug|Any CPU.Build.0 = Debug|Any CPU
		{E7CE8AD8-6F2B-4161-940F-304AB815AB7A}.Release|Any CPU.ActiveCfg = Release|Any CPU
		{E7CE8AD8-6F2B-4161-940F-304AB815AB7A}.Release|Any CPU.Build.0 = Release|Any CPU
		{69D7022D-33B8-489A-8C3E-747FF0D977A0}.Debug|Any CPU.ActiveCfg = Debug|Any CPU
		{69D7022D-33B8-489A-8C3E-747FF0D977A0}.Debug|Any CPU.Build.0 = Debug|Any CPU
		{69D7022D-33B8-489A-8C3E-747FF0D977A0}.Release|Any CPU.ActiveCfg = Release|Any CPU
		{69D7022D-33B8-489A-8C3E-747FF0D977A0}.Release|Any CPU.Build.0 = Release|Any CPU
	EndGlobalSection
	GlobalSection(SolutionProperties) = preSolution
		HideSolutionNode = FALSE
	EndGlobalSection
EndGlobal
